
Microsoft Visual Studio Solution File, Format Version 12.00
# Visual Studio Version 16
VisualStudioVersion = 16.0.30011.22
MinimumVisualStudioVersion = 10.0.40219.1
Project("{FAE04EC0-301F-11D3-BF4B-00C04F79EFBC}") = "sklep", "sklep\sklep.csproj", "{78CF7658-23C6-43DF-B32F-08B23E79B359}"
EndProject
Global
	GlobalSection(SolutionConfigurationPlatforms) = preSolution
		Debug|Any CPU = Debug|Any CPU
		Release|Any CPU = Release|Any CPU
	EndGlobalSection
	GlobalSection(ProjectConfigurationPlatforms) = postSolution
		{78CF7658-23C6-43DF-B32F-08B23E79B359}.Debug|Any CPU.ActiveCfg = Debug|Any CPU
		{78CF7658-23C6-43DF-B32F-08B23E79B359}.Debug|Any CPU.Build.0 = Debug|Any CPU
		{78CF7658-23C6-43DF-B32F-08B23E79B359}.Release|Any CPU.ActiveCfg = Release|Any CPU
		{78CF7658-23C6-43DF-B32F-08B23E79B359}.Release|Any CPU.Build.0 = Release|Any CPU
	EndGlobalSection
	GlobalSection(SolutionProperties) = preSolution
		HideSolutionNode = FALSE
	EndGlobalSection
	GlobalSection(ExtensibilityGlobals) = postSolution
		SolutionGuid = {13553426-F409-4D41-90E3-D0F72237B40E}
	EndGlobalSection
EndGlobal
